PODS:
  - CryptoSwift (1.0.0)
  - ECDHESSwift (0.0.5):
    - CryptoSwift (~> 1.0.0)
    - JOSESwift (~> 1.8)
  - FBSnapshotTestCase (2.1.4):
    - FBSnapshotTestCase/SwiftSupport (= 2.1.4)
  - FBSnapshotTestCase/Core (2.1.4)
  - FBSnapshotTestCase/SwiftSupport (2.1.4):
    - FBSnapshotTestCase/Core
  - JOSESwift (1.8.1)
  - Nimble (8.0.9)
  - Quick (2.0.0)

DEPENDENCIES:
  - CryptoSwift (~> 1.0.0)
  - ECDHESSwift (from `../`)
  - FBSnapshotTestCase (~> 2.1.4)
  - JOSESwift (~> 1.8)
  - Nimble (~> 8.0.1)
  - Quick (~> 2.0.0)

SPEC REPOS:
  trunk:
    - CryptoSwift
    - FBSnapshotTestCase
    - JOSESwift
    - Nimble
    - Quick

EXTERNAL SOURCES:
  ECDHESSwift:
    :path: "../"

SPEC CHECKSUMS:
  CryptoSwift: d81eeaa59dc5a8d03720fe919a6fd07b51f7439f
  ECDHESSwift: f86faf4ca8d17c6f58ace386d7aaa4bba42cf07f
  FBSnapshotTestCase: 094f9f314decbabe373b87cc339bea235a63e07a
  JOSESwift: 49c6e4497e061e085b9680b84b8cd6b5b64329bd
  Nimble: 98b888285a615fd34f20e61753cf58ea1402bde4
  Quick: ce1276c7c27ba2da3cb2fd0cde053c3648b3b22d

PODFILE CHECKSUM: 466ce3f4e14586e2adb13c6c0ec00930547249bf

COCOAPODS: 1.10.1
